
Microsoft Visual Studio Solution File, Format Version 12.00
# Visual Studio Version 16
VisualStudioVersion = 16.0.30225.117
MinimumVisualStudioVersion = 10.0.40219.1
Project("{9A19103F-16F7-4668-BE54-9A1E7A4F7556}") = "EmployeeManagement.Models", "EmployeeManagement.Models\EmployeeManagement.Models.csproj", "{373D7336-B28C-49A1-9F80-8D15460595EA}"
EndProject
Project("{9A19103F-16F7-4668-BE54-9A1E7A4F7556}") = "EmployeeManagement.Web", "EmployeeManagement.Web\EmployeeManagement.Web.csproj", "{334907BA-4413-44A8-9EAE-DD1ECEE377DA}"
EndProject
Project("{9A19103F-16F7-4668-BE54-9A1E7A4F7556}") = "EmployeeManagement.Api", "EmployeeManagement.Api\EmployeeManagement.Api.csproj", "{2ED80DF6-F1A9-4484-ACB9-050EFA659A9E}"
EndProject
Project("{9A19103F-16F7-4668-BE54-9A1E7A4F7556}") = "PragimTech.Components", "PragimTech.Components\PragimTech.Components.csproj", "{BC7A2BC4-D49B-4582-948E-57260E7E1883}"
EndProject
Global
	GlobalSection(SolutionConfigurationPlatforms) = preSolution
		Debug|Any CPU = Debug|Any CPU
		Release|Any CPU = Release|Any CPU
	EndGlobalSection
	GlobalSection(ProjectConfigurationPlatforms) = postSolution
		{373D7336-B28C-49A1-9F80-8D15460595EA}.Debug|Any CPU.ActiveCfg = Debug|Any CPU
		{373D7336-B28C-49A1-9F80-8D15460595EA}.Debug|Any CPU.Build.0 = Debug|Any CPU
		{373D7336-B28C-49A1-9F80-8D15460595EA}.Release|Any CPU.ActiveCfg = Release|Any CPU
		{373D7336-B28C-49A1-9F80-8D15460595EA}.Release|Any CPU.Build.0 = Release|Any CPU
		{334907BA-4413-44A8-9EAE-DD1ECEE377DA}.Debug|Any CPU.ActiveCfg = Debug|Any CPU
		{334907BA-4413-44A8-9EAE-DD1ECEE377DA}.Debug|Any CPU.Build.0 = Debug|Any CPU
		{334907BA-4413-44A8-9EAE-DD1ECEE377DA}.Release|Any CPU.ActiveCfg = Release|Any CPU
		{334907BA-4413-44A8-9EAE-DD1ECEE377DA}.Release|Any CPU.Build.0 = Release|Any CPU
		{2ED80DF6-F1A9-4484-ACB9-050EFA659A9E}.Debug|Any CPU.ActiveCfg = Debug|Any CPU
		{2ED80DF6-F1A9-4484-ACB9-050EFA659A9E}.Debug|Any CPU.Build.0 = Debug|Any CPU
		{2ED80DF6-F1A9-4484-ACB9-050EFA659A9E}.Release|Any CPU.ActiveCfg = Release|Any CPU
		{2ED80DF6-F1A9-4484-ACB9-050EFA659A9E}.Release|Any CPU.Build.0 = Release|Any CPU
		{BC7A2BC4-D49B-4582-948E-57260E7E1883}.Debug|Any CPU.ActiveCfg = Debug|Any CPU
		{BC7A2BC4-D49B-4582-948E-57260E7E1883}.Debug|Any CPU.Build.0 = Debug|Any CPU
		{BC7A2BC4-D49B-4582-948E-57260E7E1883}.Release|Any CPU.ActiveCfg = Release|Any CPU
		{BC7A2BC4-D49B-4582-948E-57260E7E1883}.Release|Any CPU.Build.0 = Release|Any CPU
	EndGlobalSection
	GlobalSection(SolutionProperties) = preSolution
		HideSolutionNode = FALSE
	EndGlobalSection
	GlobalSection(ExtensibilityGlobals) = postSolution
		SolutionGuid = {B4898D1D-A41D-4DE8-A3AE-C5F4A99651F5}
	EndGlobalSection
EndGlobal
